
Microsoft Visual Studio Solution File, Format Version 12.00
# Visual Studio Version 17
VisualStudioVersion = 17.5.33627.172
MinimumVisualStudioVersion = 10.0.40219.1
Project("{FAE04EC0-301F-11D3-BF4B-00C04F79EFBC}") = "Client", "Client\Client.csproj", "{6412A5AF-54C2-448C-AE5E-9382C7FB9365}"
EndProject
Global
	GlobalSection(SolutionConfigurationPlatforms) = preSolution
		Debug|Any CPU = Debug|Any CPU
		Release|Any CPU = Release|Any CPU
	EndGlobalSection
	GlobalSection(ProjectConfigurationPlatforms) = postSolution
		{6412A5AF-54C2-448C-AE5E-9382C7FB9365}.Debug|Any CPU.ActiveCfg = Debug|Any CPU
		{6412A5AF-54C2-448C-AE5E-9382C7FB9365}.Debug|Any CPU.Build.0 = Debug|Any CPU
		{6412A5AF-54C2-448C-AE5E-9382C7FB9365}.Release|Any CPU.ActiveCfg = Release|Any CPU
		{6412A5AF-54C2-448C-AE5E-9382C7FB9365}.Release|Any CPU.Build.0 = Release|Any CPU
	EndGlobalSection
	GlobalSection(SolutionProperties) = preSolution
		HideSolutionNode = FALSE
	EndGlobalSection
	GlobalSection(ExtensibilityGlobals) = postSolution
		SolutionGuid = {4DEA8474-C3AD-4D40-9213-FF5D3076B2CD}
	EndGlobalSection
EndGlobal
